// !$*UTF8*$!
{
	archiveVersion = 1;
	classes = {
	};
	objectVersion = 46;
	objects = {

/* Begin PBXBuildFile section */
		45389A1A1F43AFB700D836E2 /* AppDelegate.swift in Sources */ = {isa = PBXBuildFile; fileRef = 45389A191F43AFB700D836E2 /* AppDelegate.swift */; };
		45389A1C1F43AFB700D836E2 /* ViewController.swift in Sources */ = {isa = PBXBuildFile; fileRef = 45389A1B1F43AFB700D836E2 /* ViewController.swift */; };
		45389A1F1F43AFB700D836E2 /* Main.storyboard in Resources */ = {isa = PBXBuildFile; fileRef = 45389A1D1F43AFB700D836E2 /* Main.storyboard */; };
		45389A211F43AFB700D836E2 /* Assets.xcassets in Resources */ = {isa = PBXBuildFile; fileRef = 45389A201F43AFB700D836E2 /* Assets.xcassets */; };
		45389A241F43AFB700D836E2 /* LaunchScreen.storyboard in Resources */ = {isa = PBXBuildFile; fileRef = 45389A221F43AFB700D836E2 /* LaunchScreen.storyboard */; };
		45389A2F1F43AFB700D836E2 /* MyTestTests.swift in Sources */ = {isa = PBXBuildFile; fileRef = 45389A2E1F43AFB700D836E2 /* MyTestTests.swift */; };
		45389A3A1F43AFB700D836E2 /* MyTestUITests.swift in Sources */ = {isa = PBXBuildFile; fileRef = 45389A391F43AFB700D836E2 /* MyTestUITests.swift */; };
		45389A481F43AFDC00D836E2 /* RedView.swift in Sources */ = {isa = PBXBuildFile; fileRef = 45389A471F43AFDC00D836E2 /* RedView.swift */; };
/* End PBXBuildFile section */

/* Begin PBXContainerItemProxy section */
		45389A2B1F43AFB700D836E2 /* PBXContainerItemProxy */ = {
			isa = PBXContainerItemProxy;
			containerPortal = 45389A0E1F43AFB700D836E2 /* Project object */;
			proxyType = 1;
			remoteGlobalIDString = 45389A151F43AFB700D836E2;
			remoteInfo = MyTest;
		};
		45389A361F43AFB700D836E2 /* PBXContainerItemProxy */ = {
			isa = PBXContainerItemProxy;
			containerPortal = 45389A0E1F43AFB700D836E2 /* Project object */;
			proxyType = 1;
			remoteGlobalIDString = 45389A151F43AFB700D836E2;
			remoteInfo = MyTest;
		};
/* End PBXContainerItemProxy section */

/* Begin PBXFileReference section */
		45389A161F43AFB700D836E2 /* MyTest.app */ = {isa = PBXFileReference; explicitFileType = wrapper.application; includeInIndex = 0; path = MyTest.app; sourceTree = BUILT_PRODUCTS_DIR; };
		45389A191F43AFB700D836E2 /* AppDelegate.swift */ = {isa = PBXFileReference; lastKnownFileType = sourcecode.swift; path = AppDelegate.swift; sourceTree = "<group>"; };
		45389A1B1F43AFB700D836E2 /* ViewController.swift */ = {isa = PBXFileReference; lastKnownFileType = sourcecode.swift; path = ViewController.swift; sourceTree = "<group>"; };
		45389A1E1F43AFB700D836E2 /* Base */ = {isa = PBXFileReference; lastKnownFileType = file.storyboard; name = Base; path = Base.lproj/Main.storyboard; sourceTree = "<group>"; };
		45389A201F43AFB700D836E2 /* Assets.xcassets */ = {isa = PBXFileReference; lastKnownFileType = folder.assetcatalog; path = Assets.xcassets; sourceTree = "<group>"; };
		45389A231F43AFB700D836E2 /* Base */ = {isa = PBXFileReference; lastKnownFileType = file.storyboard; name = Base; path = Base.lproj/LaunchScreen.storyboard; sourceTree = "<group>"; };
		45389A251F43AFB700D836E2 /* Info.plist */ = {isa = PBXFileReference; lastKnownFileType = text.plist.xml; path = Info.plist; sourceTree = "<group>"; };
		45389A2A1F43AFB700D836E2 /* MyTestTests.xctest */ = {isa = PBXFileReference; explicitFileType = wrapper.cfbundle; includeInIndex = 0; path = MyTestTests.xctest; sourceTree = BUILT_PRODUCTS_DIR; };
		45389A2E1F43AFB700D836E2 /* MyTestTests.swift */ = {isa = PBXFileReference; lastKnownFileType = sourcecode.swift; path = MyTestTests.swift; sourceTree = "<group>"; };
		45389A301F43AFB700D836E2 /* Info.plist */ = {isa = PBXFileReference; lastKnownFileType = text.plist.xml; path = Info.plist; sourceTree = "<group>"; };
		45389A351F43AFB700D836E2 /* MyTestUITests.xctest */ = {isa = PBXFileReference; explicitFileType = wrapper.cfbundle; includeInIndex = 0; path = MyTestUITests.xctest; sourceTree = BUILT_PRODUCTS_DIR; };
		45389A391F43AFB700D836E2 /* MyTestUITests.swift */ = {isa = PBXFileReference; lastKnownFileType = sourcecode.swift; path = MyTestUITests.swift; sourceTree = "<group>"; };
		45389A3B1F43AFB700D836E2 /* Info.plist */ = {isa = PBXFileReference; lastKnownFileType = text.plist.xml; path = Info.plist; sourceTree = "<group>"; };
		45389A471F43AFDC00D836E2 /* RedView.swift */ = {isa = PBXFileReference; fileEncoding = 4; lastKnownFileType = sourcecode.swift; path = RedView.swift; sourceTree = "<group>"; };
/* End PBXFileReference section */

/* Begin PBXFrameworksBuildPhase section */
		45389A131F43AFB700D836E2 /* Frameworks */ = {
			isa = PBXFrameworksBuildPhase;
			buildActionMask = 2147483647;
			files = (
			);
			runOnlyForDeploymentPostprocessing = 0;
		};
		45389A271F43AFB700D836E2 /* Frameworks */ = {
			isa = PBXFrameworksBuildPhase;
			buildActionMask = 2147483647;
			files = (
			);
			runOnlyForDeploymentPostprocessing = 0;
		};
		45389A321F43AFB700D836E2 /* Frameworks */ = {
			isa = PBXFrameworksBuildPhase;
			buildActionMask = 2147483647;
			files = (
			);
			runOnlyForDeploymentPostprocessing = 0;
		};
/* End PBXFrameworksBuildPhase section */

/* Begin PBXGroup section */
		45389A0D1F43AFB700D836E2 = {
			isa = PBXGroup;
			children = (
				45389A181F43AFB700D836E2 /* MyTest */,
				45389A2D1F43AFB700D836E2 /* MyTestTests */,
				45389A381F43AFB700D836E2 /* MyTestUITests */,
				45389A171F43AFB700D836E2 /* Products */,
			);
			sourceTree = "<group>";
		};
		45389A171F43AFB700D836E2 /* Products */ = {
			isa = PBXGroup;
			children = (
				45389A161F43AFB700D836E2 /* MyTest.app */,
				45389A2A1F43AFB700D836E2 /* MyTestTests.xctest */,
				45389A351F43AFB700D836E2 /* MyTestUITests.xctest */,
			);
			name = Products;
			sourceTree = "<group>";
		};
		45389A181F43AFB700D836E2 /* MyTest */ = {
			isa = PBXGroup;
			children = (
				45389A191F43AFB700D836E2 /* AppDelegate.swift */,
				45389A1B1F43AFB700D836E2 /* ViewController.swift */,
				45389A471F43AFDC00D836E2 /* RedView.swift */,
				45389A1D1F43AFB700D836E2 /* Main.storyboard */,
				45389A201F43AFB700D836E2 /* Assets.xcassets */,
				45389A221F43AFB700D836E2 /* LaunchScreen.storyboard */,
				45389A251F43AFB700D836E2 /* Info.plist */,
			);
			path = MyTest;
			sourceTree = "<group>";
		};
		45389A2D1F43AFB700D836E2 /* MyTestTests */ = {
			isa = PBXGroup;
			children = (
				45389A2E1F43AFB700D836E2 /* MyTestTests.swift */,
				45389A301F43AFB700D836E2 /* Info.plist */,
			);
			path = MyTestTests;
			sourceTree = "<group>";
		};
		45389A381F43AFB700D836E2 /* MyTestUITests */ = {
			isa = PBXGroup;
			children = (
				45389A391F43AFB700D836E2 /* MyTestUITests.swift */,
				45389A3B1F43AFB700D836E2 /* Info.plist */,
			);
			path = MyTestUITests;
			sourceTree = "<group>";
		};
/* End PBXGroup section */

/* Begin PBXNativeTarget section */
		45389A151F43AFB700D836E2 /* MyTest */ = {
			isa = PBXNativeTarget;
			buildConfigurationList = 45389A3E1F43AFB700D836E2 /* Build configuration list for PBXNativeTarget "MyTest" */;
			buildPhases = (
				45389A121F43AFB700D836E2 /* Sources */,
				45389A131F43AFB700D836E2 /* Frameworks */,
				45389A141F43AFB700D836E2 /* Resources */,
			);
			buildRules = (
			);
			dependencies = (
			);
			name = MyTest;
			productName = MyTest;
			productReference = 45389A161F43AFB700D836E2 /* MyTest.app */;
			productType = "com.apple.product-type.application";
		};
		45389A291F43AFB700D836E2 /* MyTestTests */ = {
			isa = PBXNativeTarget;
			buildConfigurationList = 45389A411F43AFB700D836E2 /* Build configuration list for PBXNativeTarget "MyTestTests" */;
			buildPhases = (
				45389A261F43AFB700D836E2 /* Sources */,
				45389A271F43AFB700D836E2 /* Frameworks */,
				45389A281F43AFB700D836E2 /* Resources */,
			);
			buildRules = (
			);
			dependencies = (
				45389A2C1F43AFB700D836E2 /* PBXTargetDependency */,
			);
			name = MyTestTests;
			productName = MyTestTests;
			productReference = 45389A2A1F43AFB700D836E2 /* MyTestTests.xctest */;
			productType = "com.apple.product-type.bundle.unit-test";
		};
		45389A341F43AFB700D836E2 /* MyTestUITests */ = {
			isa = PBXNativeTarget;
			buildConfigurationList = 45389A441F43AFB700D836E2 /* Build configuration list for PBXNativeTarget "MyTestUITests" */;
			buildPhases = (
				45389A311F43AFB700D836E2 /* Sources */,
				45389A321F43AFB700D836E2 /* Frameworks */,
				45389A331F43AFB700D836E2 /* Resources */,
			);
			buildRules = (
			);
			dependencies = (
				45389A371F43AFB700D836E2 /* PBXTargetDependency */,
			);
			name = MyTestUITests;
			productName = MyTestUITests;
			productReference = 45389A351F43AFB700D836E2 /* MyTestUITests.xctest */;
			productType = "com.apple.product-type.bundle.ui-testing";
		};
/* End PBXNativeTarget section */

/* Begin PBXProject section */
		45389A0E1F43AFB700D836E2 /* Project object */ = {
			isa = PBXProject;
			attributes = {
				LastSwiftUpdateCheck = 0830;
				LastUpgradeCheck = 0830;
				ORGANIZATIONNAME = Tony;
				TargetAttributes = {
					45389A151F43AFB700D836E2 = {
						CreatedOnToolsVersion = 8.3.3;
						DevelopmentTeam = RWKH7R4DZR;
						ProvisioningStyle = Automatic;
					};
					45389A291F43AFB700D836E2 = {
						CreatedOnToolsVersion = 8.3.3;
						DevelopmentTeam = RWKH7R4DZR;
						ProvisioningStyle = Automatic;
						TestTargetID = 45389A151F43AFB700D836E2;
					};
					45389A341F43AFB700D836E2 = {
						CreatedOnToolsVersion = 8.3.3;
						DevelopmentTeam = RWKH7R4DZR;
						ProvisioningStyle = Automatic;
						TestTargetID = 45389A151F43AFB700D836E2;
					};
				};
			};
			buildConfigurationList = 45389A111F43AFB700D836E2 /* Build configuration list for PBXProject "MyTest" */;
			compatibilityVersion = "Xcode 3.2";
			developmentRegion = English;
			hasScannedForEncodings = 0;
			knownRegions = (
				en,
				Base,
			);
			mainGroup = 45389A0D1F43AFB700D836E2;
			productRefGroup = 45389A171F43AFB700D836E2 /* Products */;
			projectDirPath = "";
			projectRoot = "";
			targets = (
				45389A151F43AFB700D836E2 /* MyTest */,
				45389A291F43AFB700D836E2 /* MyTestTests */,
				45389A341F43AFB700D836E2 /* MyTestUITests */,
			);
		};
/* End PBXProject section */

/* Begin PBXResourcesBuildPhase section */
		45389A141F43AFB700D836E2 /* Resources */ = {
			isa = PBXResourcesBuildPhase;
			buildActionMask = 2147483647;
			files = (
				45389A241F43AFB700D836E2 /* LaunchScreen.storyboard in Resources */,
				45389A211F43AFB700D836E2 /* Assets.xcassets in Resources */,
				45389A1F1F43AFB700D836E2 /* Main.storyboard in Resources */,
			);
			runOnlyForDeploymentPostprocessing = 0;
		};
		45389A281F43AFB700D836E2 /* Resources */ = {
			isa = PBXResourcesBuildPhase;
			buildActionMask = 2147483647;
			files = (
			);
			runOnlyForDeploymentPostprocessing = 0;
		};
		45389A331F43AFB700D836E2 /* Resources */ = {
			isa = PBXResourcesBuildPhase;
			buildActionMask = 2147483647;
			files = (
			);
			runOnlyForDeploymentPostprocessing = 0;
		};
/* End PBXResourcesBuildPhase section */

/* Begin PBXSourcesBuildPhase section */
		45389A121F43AFB700D836E2 /* Sources */ = {
			isa = PBXSourcesBuildPhase;
			buildActionMask = 2147483647;
			files = (
				45389A1C1F43AFB700D836E2 /* ViewController.swift in Sources */,
				45389A1A1F43AFB700D836E2 /* AppDelegate.swift in Sources */,
				45389A481F43AFDC00D836E2 /* RedView.swift in Sources */,
			);
			runOnlyForDeploymentPostprocessing = 0;
		};
		45389A261F43AFB700D836E2 /* Sources */ = {
			isa = PBXSourcesBuildPhase;
			buildActionMask = 2147483647;
			files = (
				45389A2F1F43AFB700D836E2 /* MyTestTests.swift in Sources */,
			);
			runOnlyForDeploymentPostprocessing = 0;
		};
		45389A311F43AFB700D836E2 /* Sources */ = {
			isa = PBXSourcesBuildPhase;
			buildActionMask = 2147483647;
			files = (
				45389A3A1F43AFB700D836E2 /* MyTestUITests.swift in Sources */,
			);
			runOnlyForDeploymentPostprocessing = 0;
		};
/* End PBXSourcesBuildPhase section */

/* Begin PBXTargetDependency section */
		45389A2C1F43AFB700D836E2 /* PBXTargetDependency */ = {
			isa = PBXTargetDependency;
			target = 45389A151F43AFB700D836E2 /* MyTest */;
			targetProxy = 45389A2B1F43AFB700D836E2 /* PBXContainerItemProxy */;
		};
		45389A371F43AFB700D836E2 /* PBXTargetDependency */ = {
			isa = PBXTargetDependency;
			target = 45389A151F43AFB700D836E2 /* MyTest */;
			targetProxy = 45389A361F43AFB700D836E2 /* PBXContainerItemProxy */;
		};
/* End PBXTargetDependency section */

/* Begin PBXVariantGroup section */
		45389A1D1F43AFB700D836E2 /* Main.storyboard */ = {
			isa = PBXVariantGroup;
			children = (
				45389A1E1F43AFB700D836E2 /* Base */,
			);
			name = Main.storyboard;
			sourceTree = "<group>";
		};
		45389A221F43AFB700D836E2 /* LaunchScreen.storyboard */ = {
			isa = PBXVariantGroup;
			children = (
				45389A231F43AFB700D836E2 /* Base */,
			);
			name = LaunchScreen.storyboard;
			sourceTree = "<group>";
		};
/* End PBXVariantGroup section */

/* Begin XCBuildConfiguration section */
		45389A3C1F43AFB700D836E2 /* Debug */ = {
			isa = XCBuildConfiguration;
			buildSettings = {
				ALWAYS_SEARCH_USER_PATHS = NO;
				CLANG_ANALYZER_NONNULL = YES;
				CLANG_ANALYZER_NUMBER_OBJECT_CONVERSION = YES_AGGRESSIVE;
				CLANG_CXX_LANGUAGE_STANDARD = "gnu++0x";
				CLANG_CXX_LIBRARY = "libc++";
				CLANG_ENABLE_MODULES = YES;
				CLANG_ENABLE_OBJC_ARC = YES;
				CLANG_WARN_BOOL_CONVERSION = YES;
				CLANG_WARN_CONSTANT_CONVERSION = YES;
				CLANG_WARN_DIRECT_OBJC_ISA_USAGE = YES_ERROR;
				CLANG_WARN_DOCUMENTATION_COMMENTS = YES;
				CLANG_WARN_EMPTY_BODY = YES;
				CLANG_WARN_ENUM_CONVERSION = YES;
				CLANG_WARN_INFINITE_RECURSION = YES;
				CLANG_WARN_INT_CONVERSION = YES;
				CLANG_WARN_OBJC_ROOT_CLASS = YES_ERROR;
				CLANG_WARN_SUSPICIOUS_MOVE = YES;
				CLANG_WARN_UNREACHABLE_CODE = YES;
				CLANG_WARN__DUPLICATE_METHOD_MATCH = YES;
				"CODE_SIGN_IDENTITY[sdk=iphoneos*]" = "iPhone Developer";
				COPY_PHASE_STRIP = NO;
				DEBUG_INFORMATION_FORMAT = dwarf;
				ENABLE_STRICT_OBJC_MSGSEND = YES;
				ENABLE_TESTABILITY = YES;
				GCC_C_LANGUAGE_STANDARD = gnu99;
				GCC_DYNAMIC_NO_PIC = NO;
				GCC_NO_COMMON_BLOCKS = YES;
				GCC_OPTIMIZATION_LEVEL = 0;
				GCC_PREPROCESSOR_DEFINITIONS = (
					"DEBUG=1",
					"$(inherited)",
				);
				GCC_WARN_64_TO_32_BIT_CONVERSION = YES;
				GCC_WARN_ABOUT_RETURN_TYPE = YES_ERROR;
				GCC_WARN_UNDECLARED_SELECTOR = YES;
				GCC_WARN_UNINITIALIZED_AUTOS = YES_AGGRESSIVE;
				GCC_WARN_UNUSED_FUNCTION = YES;
				GCC_WARN_UNUSED_VARIABLE = YES;
				IPHONEOS_DEPLOYMENT_TARGET = 10.3;
				MTL_ENABLE_DEBUG_INFO = YES;
				ONLY_ACTIVE_ARCH = YES;
				SDKROOT = iphoneos;
				SWIFT_ACTIVE_COMPILATION_CONDITIONS = DEBUG;
				SWIFT_OPTIMIZATION_LEVEL = "-Onone";
			};
			name = Debug;
		};
		45389A3D1F43AFB700D836E2 /* Release */ = {
			isa = XCBuildConfiguration;
			buildSettings = {
				ALWAYS_SEARCH_USER_PATHS = NO;
				CLANG_ANALYZER_NONNULL = YES;
				CLANG_ANALYZER_NUMBER_OBJECT_CONVERSION = YES_AGGRESSIVE;
				CLANG_CXX_LANGUAGE_STANDARD = "gnu++0x";
				CLANG_CXX_LIBRARY = "libc++";
				CLANG_ENABLE_MODULES = YES;
				CLANG_ENABLE_OBJC_ARC = YES;
				CLANG_WARN_BOOL_CONVERSION = YES;
				CLANG_WARN_CONSTANT_CONVERSION = YES;
				CLANG_WARN_DIRECT_OBJC_ISA_USAGE = YES_ERROR;
				CLANG_WARN_DOCUMENTATION_COMMENTS = YES;
				CLANG_WARN_EMPTY_BODY = YES;
				CLANG_WARN_ENUM_CONVERSION = YES;
				CLANG_WARN_INFINITE_RECURSION = YES;
				CLANG_WARN_INT_CONVERSION = YES;
				CLANG_WARN_OBJC_ROOT_CLASS = YES_ERROR;
				CLANG_WARN_SUSPICIOUS_MOVE = YES;
				CLANG_WARN_UNREACHABLE_CODE = YES;
				CLANG_WARN__DUPLICATE_METHOD_MATCH = YES;
				"CODE_SIGN_IDENTITY[sdk=iphoneos*]" = "iPhone Developer";
				COPY_PHASE_STRIP = NO;
				DEBUG_INFORMATION_FORMAT = "dwarf-with-dsym";
				ENABLE_NS_ASSERTIONS = NO;
				ENABLE_STRICT_OBJC_MSGSEND = YES;
				GCC_C_LANGUAGE_STANDARD = gnu99;
				GCC_NO_COMMON_BLOCKS = YES;
				GCC_WARN_64_TO_32_BIT_CONVERSION = YES;
				GCC_WARN_ABOUT_RETURN_TYPE = YES_ERROR;
				GCC_WARN_UNDECLARED_SELECTOR = YES;
				GCC_WARN_UNINITIALIZED_AUTOS = YES_AGGRESSIVE;
				GCC_WARN_UNUSED_FUNCTION = YES;
				GCC_WARN_UNUSED_VARIABLE = YES;
				IPHONEOS_DEPLOYMENT_TARGET = 10.3;
				MTL_ENABLE_DEBUG_INFO = NO;
				SDKROOT = iphoneos;
				SWIFT_OPTIMIZATION_LEVEL = "-Owholemodule";
				VALIDATE_PRODUCT = YES;
			};
			name = Release;
		};
		45389A3F1F43AFB700D836E2 /* Debug */ = {
			isa = XCBuildConfiguration;
			buildSettings = {
				ASSETCATALOG_COMPILER_APPICON_NAME = AppIcon;
				DEVELOPMENT_TEAM = RWKH7R4DZR;
				INFOPLIST_FILE = MyTest/Info.plist;
				LD_RUNPATH_SEARCH_PATHS = "$(inherited) @executable_path/Frameworks";
				PRODUCT_BUNDLE_IDENTIFIER = com.Tony.ylp.MyTest;
				PRODUCT_NAME = "$(TARGET_NAME)";
				SWIFT_VERSION = 3.0;
			};
			name = Debug;
		};
		45389A401F43AFB700D836E2 /* Release */ = {
			isa = XCBuildConfiguration;
			buildSettings = {
				ASSETCATALOG_COMPILER_APPICON_NAME = AppIcon;
				DEVELOPMENT_TEAM = RWKH7R4DZR;
				INFOPLIST_FILE = MyTest/Info.plist;
				LD_RUNPATH_SEARCH_PATHS = "$(inherited) @executable_path/Frameworks";
				PRODUCT_BUNDLE_IDENTIFIER = com.Tony.ylp.MyTest;
				PRODUCT_NAME = "$(TARGET_NAME)";
				SWIFT_VERSION = 3.0;
			};
			name = Release;
		};
		45389A421F43AFB700D836E2 /* Debug */ = {
			isa = XCBuildConfiguration;
			buildSettings = {
				ALWAYS_EMBED_SWIFT_STANDARD_LIBRARIES = YES;
				BUNDLE_LOADER = "$(TEST_HOST)";
				DEVELOPMENT_TEAM = RWKH7R4DZR;
				INFOPLIST_FILE = MyTestTests/Info.plist;
				LD_RUNPATH_SEARCH_PATHS = "$(inherited) @executable_path/Frameworks @loader_path/Frameworks";
				PRODUCT_BUNDLE_IDENTIFIER = com.Tony.ylp.MyTestTests;
				PRODUCT_NAME = "$(TARGET_NAME)";
				SWIFT_VERSION = 3.0;
				TEST_HOST = "$(BUILT_PRODUCTS_DIR)/MyTest.app/MyTest";
			};
			name = Debug;
		};
		45389A431F43AFB700D836E2 /* Release */ = {
			isa = XCBuildConfiguration;
			buildSettings = {
				ALWAYS_EMBED_SWIFT_STANDARD_LIBRARIES = YES;
				BUNDLE_LOADER = "$(TEST_HOST)";
				DEVELOPMENT_TEAM = RWKH7R4DZR;
				INFOPLIST_FILE = MyTestTests/Info.plist;
				LD_RUNPATH_SEARCH_PATHS = "$(inherited) @executable_path/Frameworks @loader_path/Frameworks";
				PRODUCT_BUNDLE_IDENTIFIER = com.Tony.ylp.MyTestTests;
				PRODUCT_NAME = "$(TARGET_NAME)";
				SWIFT_VERSION = 3.0;
				TEST_HOST = "$(BUILT_PRODUCTS_DIR)/MyTest.app/MyTest";
			};
			name = Release;
		};
		45389A451F43AFB700D836E2 /* Debug */ = {
			isa = XCBuildConfiguration;
			buildSettings = {
				ALWAYS_EMBED_SWIFT_STANDARD_LIBRARIES = YES;
				DEVELOPMENT_TEAM = RWKH7R4DZR;
				INFOPLIST_FILE = MyTestUITests/Info.plist;
				LD_RUNPATH_SEARCH_PATHS = "$(inherited) @executable_path/Frameworks @loader_path/Frameworks";
				PRODUCT_BUNDLE_IDENTIFIER = com.Tony.ylp.MyTestUITests;
				PRODUCT_NAME = "$(TARGET_NAME)";
				SWIFT_VERSION = 3.0;
				TEST_TARGET_NAME = MyTest;
			};
			name = Debug;
		};
		45389A461F43AFB700D836E2 /* Release */ = {
			isa = XCBuildConfiguration;
			buildSettings = {
				ALWAYS_EMBED_SWIFT_STANDARD_LIBRARIES = YES;
				DEVELOPMENT_TEAM = RWKH7R4DZR;
				INFOPLIST_FILE = MyTestUITests/Info.plist;
				LD_RUNPATH_SEARCH_PATHS = "$(inherited) @executable_path/Frameworks @loader_path/Frameworks";
				PRODUCT_BUNDLE_IDENTIFIER = com.Tony.ylp.MyTestUITests;
				PRODUCT_NAME = "$(TARGET_NAME)";
				SWIFT_VERSION = 3.0;
				TEST_TARGET_NAME = MyTest;
			};
			name = Release;
		};
/* End XCBuildConfiguration section */

/* Begin XCConfigurationList section */
		45389A111F43AFB700D836E2 /* Build configuration list for PBXProject "MyTest" */ = {
			isa = XCConfigurationList;
			buildConfigurations = (
				45389A3C1F43AFB700D836E2 /* Debug */,
				45389A3D1F43AFB700D836E2 /* Release */,
			);
			defaultConfigurationIsVisible = 0;
			defaultConfigurationName = Release;
		};
		45389A3E1F43AFB700D836E2 /* Build configuration list for PBXNativeTarget "MyTest" */ = {
			isa = XCConfigurationList;
			buildConfigurations = (
				45389A3F1F43AFB700D836E2 /* Debug */,
				45389A401F43AFB700D836E2 /* Release */,
			);
			defaultConfigurationIsVisible = 0;
		};
		45389A411F43AFB700D836E2 /* Build configuration list for PBXNativeTarget "MyTestTests" */ = {
			isa = XCConfigurationList;
			buildConfigurations = (
				45389A421F43AFB700D836E2 /* Debug */,
				45389A431F43AFB700D836E2 /* Release */,
			);
			defaultConfigurationIsVisible = 0;
		};
		45389A441F43AFB700D836E2 /* Build configuration list for PBXNativeTarget "MyTestUITests" */ = {
			isa = XCConfigurationList;
			buildConfigurations = (
				45389A451F43AFB700D836E2 /* Debug */,
				45389A461F43AFB700D836E2 /* Release */,
			);
			defaultConfigurationIsVisible = 0;
		};
/* End XCConfigurationList section */
	};
	rootObject = 45389A0E1F43AFB700D836E2 /* Project object */;
}
